
Microsoft Visual Studio Solution File, Format Version 12.00
# Visual Studio Version 16
VisualStudioVersion = 16.0.30503.244
MinimumVisualStudioVersion = 10.0.40219.1
Project("{FAE04EC0-301F-11D3-BF4B-00C04F79EFBC}") = "WPF_Styles-Trigger-Animations", "WPF_Styles-Trigger-Animations\WPF_Styles-Trigger-Animations.csproj", "{37308DD1-78A6-4EDB-B554-25836752BAB7}"
EndProject
Global
	GlobalSection(SolutionConfigurationPlatforms) = preSolution
		Debug|Any CPU = Debug|Any CPU
		Release|Any CPU = Release|Any CPU
	EndGlobalSection
	GlobalSection(ProjectConfigurationPlatforms) = postSolution
		{37308DD1-78A6-4EDB-B554-25836752BAB7}.Debug|Any CPU.ActiveCfg = Debug|Any CPU
		{37308DD1-78A6-4EDB-B554-25836752BAB7}.Debug|Any CPU.Build.0 = Debug|Any CPU
		{37308DD1-78A6-4EDB-B554-25836752BAB7}.Release|Any CPU.ActiveCfg = Release|Any CPU
		{37308DD1-78A6-4EDB-B554-25836752BAB7}.Release|Any CPU.Build.0 = Release|Any CPU
	EndGlobalSection
	GlobalSection(SolutionProperties) = preSolution
		HideSolutionNode = FALSE
	EndGlobalSection
	GlobalSection(ExtensibilityGlobals) = postSolution
		SolutionGuid = {AE039904-1C17-4AF3-86AB-7D0D7654E85E}
	EndGlobalSection
EndGlobal
